// !$*UTF8*$!
{
	archiveVersion = 1;
	classes = {
	};
	objectVersion = 46;
	objects = {

/* Begin PBXBuildFile section */
		A503755A1F851E1900B4DB41 /* RCTBaseTextInputView+Hack.m in Sources */ = {isa = PBXBuildFile; fileRef = A50375581F851E1900B4DB41 /* RCTBaseTextInputView+Hack.m */; };
		A511835D1EFAC0300077C68F /* ReactNativeKeyboardManager.m in Sources */ = {isa = PBXBuildFile; fileRef = A511835C1EFAC0300077C68F /* ReactNativeKeyboardManager.m */; };
		A511835E1EFAC0300077C68F /* ReactNativeKeyboardManager.h in CopyFiles */ = {isa = PBXBuildFile; fileRef = A511835B1EFAC0300077C68F /* ReactNativeKeyboardManager.h */; };
		A5A1B05A1F76A1FF000B2090 /* RNKMPreviousNextViewManager.m in Sources */ = {isa = PBXBuildFile; fileRef = A5A1B0591F76A1FE000B2090 /* RNKMPreviousNextViewManager.m */; };
		A5D4880025542B0F00913159 /* KeyboardManager.swift in Sources */ = {isa = PBXBuildFile; fileRef = A5D487FF25542B0F00913159 /* KeyboardManager.swift */; };
/* End PBXBuildFile section */

/* Begin PBXCopyFilesBuildPhase section */
		A51183571EFAC02F0077C68F /* CopyFiles */ = {
			isa = PBXCopyFilesBuildPhase;
			buildActionMask = 2147483647;
			dstPath = "include/$(PRODUCT_NAME)";
			dstSubfolderSpec = 16;
			files = (
				A511835E1EFAC0300077C68F /* ReactNativeKeyboardManager.h in CopyFiles */,
			);
			runOnlyForDeploymentPostprocessing = 0;
		};
/* End PBXCopyFilesBuildPhase section */

/* Begin PBXFileReference section */
		A50375581F851E1900B4DB41 /* RCTBaseTextInputView+Hack.m */ = {isa = PBXFileReference; lastKnownFileType = sourcecode.c.objc; path = "RCTBaseTextInputView+Hack.m"; sourceTree = "<group>"; };
		A50375591F851E1900B4DB41 /* RCTBaseTextInputView+Hack.h */ = {isa = PBXFileReference; lastKnownFileType = sourcecode.c.h; path = "RCTBaseTextInputView+Hack.h"; sourceTree = "<group>"; };
		A51183591EFAC02F0077C68F /* libReactNativeKeyboardManager.a */ = {isa = PBXFileReference; explicitFileType = archive.ar; includeInIndex = 0; path = libReactNativeKeyboardManager.a; sourceTree = BUILT_PRODUCTS_DIR; };
		A511835B1EFAC0300077C68F /* ReactNativeKeyboardManager.h */ = {isa = PBXFileReference; lastKnownFileType = sourcecode.c.h; path = ReactNativeKeyboardManager.h; sourceTree = "<group>"; };
		A511835C1EFAC0300077C68F /* ReactNativeKeyboardManager.m */ = {isa = PBXFileReference; lastKnownFileType = sourcecode.c.objc; path = ReactNativeKeyboardManager.m; sourceTree = "<group>"; };
		A5A1B0581F76A1FE000B2090 /* RNKMPreviousNextViewManager.h */ = {isa = PBXFileReference; lastKnownFileType = sourcecode.c.h; path = RNKMPreviousNextViewManager.h; sourceTree = "<group>"; };
		A5A1B0591F76A1FE000B2090 /* RNKMPreviousNextViewManager.m */ = {isa = PBXFileReference; lastKnownFileType = sourcecode.c.objc; path = RNKMPreviousNextViewManager.m; sourceTree = "<group>"; };
		A5D487FE25542B0F00913159 /* ReactNativeKeyboardManager-Bridging-Header.h */ = {isa = PBXFileReference; lastKnownFileType = sourcecode.c.h; path = "ReactNativeKeyboardManager-Bridging-Header.h"; sourceTree = "<group>"; };
		A5D487FF25542B0F00913159 /* KeyboardManager.swift */ = {isa = PBXFileReference; lastKnownFileType = sourcecode.swift; path = KeyboardManager.swift; sourceTree = "<group>"; };
/* End PBXFileReference section */

/* Begin PBXFrameworksBuildPhase section */
		A51183561EFAC02F0077C68F /* Frameworks */ = {
			isa = PBXFrameworksBuildPhase;
			buildActionMask = 2147483647;
			files = (
			);
			runOnlyForDeploymentPostprocessing = 0;
		};
/* End PBXFrameworksBuildPhase section */

/* Begin PBXGroup section */
		83CBB9F61A601CBA00E9B192 = {
			isa = PBXGroup;
			children = (
				83CBBA001A601CBA00E9B192 /* Products */,
				A511835A1EFAC0300077C68F /* ReactNativeKeyboardManager */,
			);
			indentWidth = 2;
			sourceTree = "<group>";
			tabWidth = 2;
		};
		83CBBA001A601CBA00E9B192 /* Products */ = {
			isa = PBXGroup;
			children = (
				A51183591EFAC02F0077C68F /* libReactNativeKeyboardManager.a */,
			);
			name = Products;
			sourceTree = "<group>";
		};
		A511835A1EFAC0300077C68F /* ReactNativeKeyboardManager */ = {
			isa = PBXGroup;
			children = (
				A50375591F851E1900B4DB41 /* RCTBaseTextInputView+Hack.h */,
				A50375581F851E1900B4DB41 /* RCTBaseTextInputView+Hack.m */,
				A5A1B0581F76A1FE000B2090 /* RNKMPreviousNextViewManager.h */,
				A5A1B0591F76A1FE000B2090 /* RNKMPreviousNextViewManager.m */,
				A511835B1EFAC0300077C68F /* ReactNativeKeyboardManager.h */,
				A511835C1EFAC0300077C68F /* ReactNativeKeyboardManager.m */,
				A5D487FF25542B0F00913159 /* KeyboardManager.swift */,
				A5D487FE25542B0F00913159 /* ReactNativeKeyboardManager-Bridging-Header.h */,
			);
			path = ReactNativeKeyboardManager;
			sourceTree = "<group>";
		};
/* End PBXGroup section */

/* Begin PBXNativeTarget section */
		A51183581EFAC02F0077C68F /* ReactNativeKeyboardManager */ = {
			isa = PBXNativeTarget;
			buildConfigurationList = A511835F1EFAC0300077C68F /* Build configuration list for PBXNativeTarget "ReactNativeKeyboardManager" */;
			buildPhases = (
				A51183551EFAC02F0077C68F /* Sources */,
				A51183561EFAC02F0077C68F /* Frameworks */,
				A51183571EFAC02F0077C68F /* CopyFiles */,
			);
			buildRules = (
			);
			dependencies = (
			);
			name = ReactNativeKeyboardManager;
			productName = ReactNativeKeyboardManager;
			productReference = A51183591EFAC02F0077C68F /* libReactNativeKeyboardManager.a */;
			productType = "com.apple.product-type.library.static";
		};
/* End PBXNativeTarget section */

/* Begin PBXProject section */
		83CBB9F71A601CBA00E9B192 /* Project object */ = {
			isa = PBXProject;
			attributes = {
				LastUpgradeCheck = 0610;
				ORGANIZATIONNAME = Facebook;
				TargetAttributes = {
					A51183581EFAC02F0077C68F = {
						CreatedOnToolsVersion = 8.3.3;
						LastSwiftMigration = 1210;
						ProvisioningStyle = Automatic;
					};
				};
			};
			buildConfigurationList = 83CBB9FA1A601CBA00E9B192 /* Build configuration list for PBXProject "ReactNativeKeyboardManager" */;
			compatibilityVersion = "Xcode 3.2";
			developmentRegion = English;
			hasScannedForEncodings = 0;
			knownRegions = (
				English,
				en,
				Base,
			);
			mainGroup = 83CBB9F61A601CBA00E9B192;
			productRefGroup = 83CBBA001A601CBA00E9B192 /* Products */;
			projectDirPath = "";
			projectRoot = "";
			targets = (
				A51183581EFAC02F0077C68F /* ReactNativeKeyboardManager */,
			);
		};
/* End PBXProject section */

/* Begin PBXSourcesBuildPhase section */
		A51183551EFAC02F0077C68F /* Sources */ = {
			isa = PBXSourcesBuildPhase;
			buildActionMask = 2147483647;
			files = (
				A5D4880025542B0F00913159 /* KeyboardManager.swift in Sources */,
				A503755A1F851E1900B4DB41 /* RCTBaseTextInputView+Hack.m in Sources */,
				A5A1B05A1F76A1FF000B2090 /* RNKMPreviousNextViewManager.m in Sources */,
				A511835D1EFAC0300077C68F /* ReactNativeKeyboardManager.m in Sources */,
			);
			runOnlyForDeploymentPostprocessing = 0;
		};
/* End PBXSourcesBuildPhase section */

/* Begin XCBuildConfiguration section */
		83CBBA201A601CBA00E9B192 /* Debug */ = {
			isa = XCBuildConfiguration;
			buildSettings = {
				ALWAYS_SEARCH_USER_PATHS = NO;
				CLANG_CXX_LANGUAGE_STANDARD = "gnu++0x";
				CLANG_CXX_LIBRARY = "libc++";
				CLANG_ENABLE_MODULES = YES;
				CLANG_ENABLE_OBJC_ARC = YES;
				CLANG_WARN_BOOL_CONVERSION = YES;
				CLANG_WARN_CONSTANT_CONVERSION = YES;
				CLANG_WARN_DIRECT_OBJC_ISA_USAGE = YES_ERROR;
				CLANG_WARN_EMPTY_BODY = YES;
				CLANG_WARN_ENUM_CONVERSION = YES;
				CLANG_WARN_INT_CONVERSION = YES;
				CLANG_WARN_OBJC_ROOT_CLASS = YES_ERROR;
				CLANG_WARN_UNREACHABLE_CODE = YES;
				CLANG_WARN__DUPLICATE_METHOD_MATCH = YES;
				"CODE_SIGN_IDENTITY[sdk=iphoneos*]" = "iPhone Developer";
				COPY_PHASE_STRIP = NO;
				ENABLE_STRICT_OBJC_MSGSEND = YES;
				GCC_C_LANGUAGE_STANDARD = gnu99;
				GCC_DYNAMIC_NO_PIC = NO;
				GCC_OPTIMIZATION_LEVEL = 0;
				GCC_PREPROCESSOR_DEFINITIONS = (
					"DEBUG=1",
					"$(inherited)",
				);
				GCC_SYMBOLS_PRIVATE_EXTERN = NO;
				GCC_WARN_64_TO_32_BIT_CONVERSION = YES;
				GCC_WARN_ABOUT_RETURN_TYPE = YES_ERROR;
				GCC_WARN_UNDECLARED_SELECTOR = YES;
				GCC_WARN_UNINITIALIZED_AUTOS = YES_AGGRESSIVE;
				GCC_WARN_UNUSED_FUNCTION = YES;
				GCC_WARN_UNUSED_VARIABLE = YES;
				IPHONEOS_DEPLOYMENT_TARGET = 8.0;
				MTL_ENABLE_DEBUG_INFO = YES;
				ONLY_ACTIVE_ARCH = YES;
				SDKROOT = iphoneos;
			};
			name = Debug;
		};
		83CBBA211A601CBA00E9B192 /* Release */ = {
			isa = XCBuildConfiguration;
			buildSettings = {
				ALWAYS_SEARCH_USER_PATHS = NO;
				CLANG_CXX_LANGUAGE_STANDARD = "gnu++0x";
				CLANG_CXX_LIBRARY = "libc++";
				CLANG_ENABLE_MODULES = YES;
				CLANG_ENABLE_OBJC_ARC = YES;
				CLANG_WARN_BOOL_CONVERSION = YES;
				CLANG_WARN_CONSTANT_CONVERSION = YES;
				CLANG_WARN_DIRECT_OBJC_ISA_USAGE = YES_ERROR;
				CLANG_WARN_EMPTY_BODY = YES;
				CLANG_WARN_ENUM_CONVERSION = YES;
				CLANG_WARN_INT_CONVERSION = YES;
				CLANG_WARN_OBJC_ROOT_CLASS = YES_ERROR;
				CLANG_WARN_UNREACHABLE_CODE = YES;
				CLANG_WARN__DUPLICATE_METHOD_MATCH = YES;
				"CODE_SIGN_IDENTITY[sdk=iphoneos*]" = "iPhone Developer";
				COPY_PHASE_STRIP = YES;
				ENABLE_NS_ASSERTIONS = NO;
				ENABLE_STRICT_OBJC_MSGSEND = YES;
				GCC_C_LANGUAGE_STANDARD = gnu99;
				GCC_WARN_64_TO_32_BIT_CONVERSION = YES;
				GCC_WARN_ABOUT_RETURN_TYPE = YES_ERROR;
				GCC_WARN_UNDECLARED_SELECTOR = YES;
				GCC_WARN_UNINITIALIZED_AUTOS = YES_AGGRESSIVE;
				GCC_WARN_UNUSED_FUNCTION = YES;
				GCC_WARN_UNUSED_VARIABLE = YES;
				IPHONEOS_DEPLOYMENT_TARGET = 8.0;
				MTL_ENABLE_DEBUG_INFO = NO;
				SDKROOT = iphoneos;
				VALIDATE_PRODUCT = YES;
			};
			name = Release;
		};
		A51183601EFAC0300077C68F /* Debug */ = {
			isa = XCBuildConfiguration;
			buildSettings = {
				CLANG_ANALYZER_NONNULL = YES;
				CLANG_ANALYZER_NUMBER_OBJECT_CONVERSION = YES_AGGRESSIVE;
				CLANG_ENABLE_MODULES = YES;
				CLANG_WARN_DOCUMENTATION_COMMENTS = YES;
				CLANG_WARN_INFINITE_RECURSION = YES;
				CLANG_WARN_SUSPICIOUS_MOVE = YES;
				DEBUG_INFORMATION_FORMAT = dwarf;
				ENABLE_TESTABILITY = YES;
				FRAMEWORK_SEARCH_PATHS = (
					"$(inherited)",
					"$(PROJECT_DIR)",
					"$(PROJECT_DIR)/Frameworks",
				);
				GCC_NO_COMMON_BLOCKS = YES;
				HEADER_SEARCH_PATHS = (
					"$(inherited)",
					"$(SRCROOT)/../../react-native/Libraries/Text/**",
				);
				IPHONEOS_DEPLOYMENT_TARGET = 10.3;
				LD_RUNPATH_SEARCH_PATHS = "$(inherited) @executable_path/Frameworks @loader_path/Frameworks";
				LIBRARY_SEARCH_PATHS = "";
				OTHER_LDFLAGS = "-ObjC";
				PRODUCT_NAME = "$(TARGET_NAME)";
				SKIP_INSTALL = YES;
				SWIFT_OBJC_BRIDGING_HEADER = "ReactNativeKeyboardManager/ReactNativeKeyboardManager-Bridging-Header.h";
				SWIFT_OPTIMIZATION_LEVEL = "-Onone";
				SWIFT_VERSION = 5.0;
			};
			name = Debug;
		};
		A51183611EFAC0300077C68F /* Release */ = {
			isa = XCBuildConfiguration;
			buildSettings = {
				CLANG_ANALYZER_NONNULL = YES;
				CLANG_ANALYZER_NUMBER_OBJECT_CONVERSION = YES_AGGRESSIVE;
				CLANG_ENABLE_MODULES = YES;
				CLANG_WARN_DOCUMENTATION_COMMENTS = YES;
				CLANG_WARN_INFINITE_RECURSION = YES;
				CLANG_WARN_SUSPICIOUS_MOVE = YES;
				COPY_PHASE_STRIP = NO;
				DEBUG_INFORMATION_FORMAT = "dwarf-with-dsym";
				FRAMEWORK_SEARCH_PATHS = (
					"$(inherited)",
					"$(PROJECT_DIR)",
					"$(PROJECT_DIR)/Frameworks",
				);
				GCC_NO_COMMON_BLOCKS = YES;
				HEADER_SEARCH_PATHS = (
					"$(inherited)",
					"$(SRCROOT)/../../react-native/Libraries/Text/**",
				);
				IPHONEOS_DEPLOYMENT_TARGET = 10.3;
				LD_RUNPATH_SEARCH_PATHS = "$(inherited) @executable_path/Frameworks @loader_path/Frameworks";
				LIBRARY_SEARCH_PATHS = "";
				OTHER_LDFLAGS = "-ObjC";
				PRODUCT_NAME = "$(TARGET_NAME)";
				SKIP_INSTALL = YES;
				SWIFT_OBJC_BRIDGING_HEADER = "ReactNativeKeyboardManager/ReactNativeKeyboardManager-Bridging-Header.h";
				SWIFT_VERSION = 5.0;
			};
			name = Release;
		};
/* End XCBuildConfiguration section */

/* Begin XCConfigurationList section */
		83CBB9FA1A601CBA00E9B192 /* Build configuration list for PBXProject "ReactNativeKeyboardManager" */ = {
			isa = XCConfigurationList;
			buildConfigurations = (
				83CBBA201A601CBA00E9B192 /* Debug */,
				83CBBA211A601CBA00E9B192 /* Release */,
			);
			defaultConfigurationIsVisible = 0;
			defaultConfigurationName = Release;
		};
		A511835F1EFAC0300077C68F /* Build configuration list for PBXNativeTarget "ReactNativeKeyboardManager" */ = {
			isa = XCConfigurationList;
			buildConfigurations = (
				A51183601EFAC0300077C68F /* Debug */,
				A51183611EFAC0300077C68F /* Release */,
			);
			defaultConfigurationIsVisible = 0;
			defaultConfigurationName = Release;
		};
/* End XCConfigurationList section */
	};
	rootObject = 83CBB9F71A601CBA00E9B192 /* Project object */;
}
